
Microsoft Visual Studio Solution File, Format Version 12.00
# Visual Studio 15
VisualStudioVersion = 15.0.28307.489
MinimumVisualStudioVersion = 10.0.40219.1
Project("{FAE04EC0-301F-11D3-BF4B-00C04F79EFBC}") = "Design", "Design\Design.csproj", "{B8FD9F00-3C37-4953-B7B3-9F517A189627}"
EndProject
Global
	GlobalSection(SolutionConfigurationPlatforms) = preSolution
		Debug|Any CPU = Debug|Any CPU
		Release|Any CPU = Release|Any CPU
	EndGlobalSection
	GlobalSection(ProjectConfigurationPlatforms) = postSolution
		{B8FD9F00-3C37-4953-B7B3-9F517A189627}.Debug|Any CPU.ActiveCfg = Debug|Any CPU
		{B8FD9F00-3C37-4953-B7B3-9F517A189627}.Debug|Any CPU.Build.0 = Debug|Any CPU
		{B8FD9F00-3C37-4953-B7B3-9F517A189627}.Release|Any CPU.ActiveCfg = Release|Any CPU
		{B8FD9F00-3C37-4953-B7B3-9F517A189627}.Release|Any CPU.Build.0 = Release|Any CPU
	EndGlobalSection
	GlobalSection(SolutionProperties) = preSolution
		HideSolutionNode = FALSE
	EndGlobalSection
	GlobalSection(ExtensibilityGlobals) = postSolution
		SolutionGuid = {9F08FEB4-DF5F-4316-96AA-083D45828B81}
	EndGlobalSection
EndGlobal
